// !$*UTF8*$!
{
	archiveVersion = 1;
	classes = {
	};
	objectVersion = 46;
	objects = {

/* Begin PBXBuildFile section */
		1479CB1C195E0A9200ACD822 /* Foundation.framework in Frameworks */ = {isa = PBXBuildFile; fileRef = 1479CB1B195E0A9200ACD822 /* Foundation.framework */; };
		1479CB1E195E0A9200ACD822 /* CoreGraphics.framework in Frameworks */ = {isa = PBXBuildFile; fileRef = 1479CB1D195E0A9200ACD822 /* CoreGraphics.framework */; };
		1479CB20195E0A9200ACD822 /* UIKit.framework in Frameworks */ = {isa = PBXBuildFile; fileRef = 1479CB1F195E0A9200ACD822 /* UIKit.framework */; };
		1479CB26195E0A9200ACD822 /* InfoPlist.strings in Resources */ = {isa = PBXBuildFile; fileRef = 1479CB24195E0A9200ACD822 /* InfoPlist.strings */; };
		1479CB28195E0A9200ACD822 /* main.m in Sources */ = {isa = PBXBuildFile; fileRef = 1479CB27195E0A9200ACD822 /* main.m */; };
		1479CB2C195E0A9200ACD822 /* AppDelegate.m in Sources */ = {isa = PBXBuildFile; fileRef = 1479CB2B195E0A9200ACD822 /* AppDelegate.m */; };
		1479CB2F195E0A9200ACD822 /* Main.storyboard in Resources */ = {isa = PBXBuildFile; fileRef = 1479CB2D195E0A9200ACD822 /* Main.storyboard */; };
		1479CB32195E0A9200ACD822 /* ViewController.m in Sources */ = {isa = PBXBuildFile; fileRef = 1479CB31195E0A9200ACD822 /* ViewController.m */; };
		1479CB34195E0A9200ACD822 /* Images.xcassets in Resources */ = {isa = PBXBuildFile; fileRef = 1479CB33195E0A9200ACD822 /* Images.xcassets */; };
		1479CB3B195E0A9200ACD822 /* XCTest.framework in Frameworks */ = {isa = PBXBuildFile; fileRef = 1479CB3A195E0A9200ACD822 /* XCTest.framework */; };
		1479CB3C195E0A9200ACD822 /* Foundation.framework in Frameworks */ = {isa = PBXBuildFile; fileRef = 1479CB1B195E0A9200ACD822 /* Foundation.framework */; };
		1479CB3D195E0A9200ACD822 /* UIKit.framework in Frameworks */ = {isa = PBXBuildFile; fileRef = 1479CB1F195E0A9200ACD822 /* UIKit.framework */; };
		1479CB45195E0A9200ACD822 /* InfoPlist.strings in Resources */ = {isa = PBXBuildFile; fileRef = 1479CB43195E0A9200ACD822 /* InfoPlist.strings */; };
		1479CB47195E0A9200ACD822 /* TableViewApplicationTests.m in Sources */ = {isa = PBXBuildFile; fileRef = 1479CB46195E0A9200ACD822 /* TableViewApplicationTests.m */; };
		1479CB51195E12E600ACD822 /* creme_brelee.jpg in Resources */ = {isa = PBXBuildFile; fileRef = 1479CB50195E12E600ACD822 /* creme_brelee.jpg */; };
/* End PBXBuildFile section */

/* Begin PBXContainerItemProxy section */
		1479CB3E195E0A9200ACD822 /* PBXContainerItemProxy */ = {
			isa = PBXContainerItemProxy;
			containerPortal = 1479CB10195E0A9200ACD822 /* Project object */;
			proxyType = 1;
			remoteGlobalIDString = 1479CB17195E0A9200ACD822;
			remoteInfo = TableViewApplication;
		};
/* End PBXContainerItemProxy section */

/* Begin PBXFileReference section */
		1479CB18195E0A9200ACD822 /* TableViewApplication.app */ = {isa = PBXFileReference; explicitFileType = wrapper.application; includeInIndex = 0; path = TableViewApplication.app; sourceTree = BUILT_PRODUCTS_DIR; };
		1479CB1B195E0A9200ACD822 /* Foundation.framework */ = {isa = PBXFileReference; lastKnownFileType = wrapper.framework; name = Foundation.framework; path = System/Library/Frameworks/Foundation.framework; sourceTree = SDKROOT; };
		1479CB1D195E0A9200ACD822 /* CoreGraphics.framework */ = {isa = PBXFileReference; lastKnownFileType = wrapper.framework; name = CoreGraphics.framework; path = System/Library/Frameworks/CoreGraphics.framework; sourceTree = SDKROOT; };
		1479CB1F195E0A9200ACD822 /* UIKit.framework */ = {isa = PBXFileReference; lastKnownFileType = wrapper.framework; name = UIKit.framework; path = System/Library/Frameworks/UIKit.framework; sourceTree = SDKROOT; };
		1479CB23195E0A9200ACD822 /* TableViewApplication-Info.plist */ = {isa = PBXFileReference; lastKnownFileType = text.plist.xml; path = "TableViewApplication-Info.plist"; sourceTree = "<group>"; };
		1479CB25195E0A9200ACD822 /* en */ = {isa = PBXFileReference; lastKnownFileType = text.plist.strings; name = en; path = en.lproj/InfoPlist.strings; sourceTree = "<group>"; };
		1479CB27195E0A9200ACD822 /* main.m */ = {isa = PBXFileReference; lastKnownFileType = sourcecode.c.objc; path = main.m; sourceTree = "<group>"; };
		1479CB29195E0A9200ACD822 /* TableViewApplication-Prefix.pch */ = {isa = PBXFileReference; lastKnownFileType = sourcecode.c.h; path = "TableViewApplication-Prefix.pch"; sourceTree = "<group>"; };
		1479CB2A195E0A9200ACD822 /* AppDelegate.h */ = {isa = PBXFileReference; lastKnownFileType = sourcecode.c.h; path = AppDelegate.h; sourceTree = "<group>"; };
		1479CB2B195E0A9200ACD822 /* AppDelegate.m */ = {isa = PBXFileReference; lastKnownFileType = sourcecode.c.objc; path = AppDelegate.m; sourceTree = "<group>"; };
		1479CB2E195E0A9200ACD822 /* Base */ = {isa = PBXFileReference; lastKnownFileType = file.storyboard; name = Base; path = Base.lproj/Main.storyboard; sourceTree = "<group>"; };
		1479CB30195E0A9200ACD822 /* ViewController.h */ = {isa = PBXFileReference; lastKnownFileType = sourcecode.c.h; path = ViewController.h; sourceTree = "<group>"; };
		1479CB31195E0A9200ACD822 /* ViewController.m */ = {isa = PBXFileReference; lastKnownFileType = sourcecode.c.objc; path = ViewController.m; sourceTree = "<group>"; };
		1479CB33195E0A9200ACD822 /* Images.xcassets */ = {isa = PBXFileReference; lastKnownFileType = folder.assetcatalog; path = Images.xcassets; sourceTree = "<group>"; };
		1479CB39195E0A9200ACD822 /* TableViewApplicationTests.xctest */ = {isa = PBXFileReference; explicitFileType = wrapper.cfbundle; includeInIndex = 0; path = TableViewApplicationTests.xctest; sourceTree = BUILT_PRODUCTS_DIR; };
		1479CB3A195E0A9200ACD822 /* XCTest.framework */ = {isa = PBXFileReference; lastKnownFileType = wrapper.framework; name = XCTest.framework; path = Library/Frameworks/XCTest.framework; sourceTree = DEVELOPER_DIR; };
		1479CB42195E0A9200ACD822 /* TableViewApplicationTests-Info.plist */ = {isa = PBXFileReference; lastKnownFileType = text.plist.xml; path = "TableViewApplicationTests-Info.plist"; sourceTree = "<group>"; };
		1479CB44195E0A9200ACD822 /* en */ = {isa = PBXFileReference; lastKnownFileType = text.plist.strings; name = en; path = en.lproj/InfoPlist.strings; sourceTree = "<group>"; };
		1479CB46195E0A9200ACD822 /* TableViewApplicationTests.m */ = {isa = PBXFileReference; lastKnownFileType = sourcecode.c.objc; path = TableViewApplicationTests.m; sourceTree = "<group>"; };
		1479CB50195E12E600ACD822 /* creme_brelee.jpg */ = {isa = PBXFileReference; lastKnownFileType = image.jpeg; path = creme_brelee.jpg; sourceTree = "<group>"; };
/* End PBXFileReference section */

/* Begin PBXFrameworksBuildPhase section */
		1479CB15195E0A9200ACD822 /* Frameworks */ = {
			isa = PBXFrameworksBuildPhase;
			buildActionMask = 2147483647;
			files = (
				1479CB1E195E0A9200ACD822 /* CoreGraphics.framework in Frameworks */,
				1479CB20195E0A9200ACD822 /* UIKit.framework in Frameworks */,
				1479CB1C195E0A9200ACD822 /* Foundation.framework in Frameworks */,
			);
			runOnlyForDeploymentPostprocessing = 0;
		};
		1479CB36195E0A9200ACD822 /* Frameworks */ = {
			isa = PBXFrameworksBuildPhase;
			buildActionMask = 2147483647;
			files = (
				1479CB3B195E0A9200ACD822 /* XCTest.framework in Frameworks */,
				1479CB3D195E0A9200ACD822 /* UIKit.framework in Frameworks */,
				1479CB3C195E0A9200ACD822 /* Foundation.framework in Frameworks */,
			);
			runOnlyForDeploymentPostprocessing = 0;
		};
/* End PBXFrameworksBuildPhase section */

/* Begin PBXGroup section */
		1479CB0F195E0A9200ACD822 = {
			isa = PBXGroup;
			children = (
				1479CB21195E0A9200ACD822 /* TableViewApplication */,
				1479CB40195E0A9200ACD822 /* TableViewApplicationTests */,
				1479CB1A195E0A9200ACD822 /* Frameworks */,
				1479CB19195E0A9200ACD822 /* Products */,
			);
			sourceTree = "<group>";
		};
		1479CB19195E0A9200ACD822 /* Products */ = {
			isa = PBXGroup;
			children = (
				1479CB18195E0A9200ACD822 /* TableViewApplication.app */,
				1479CB39195E0A9200ACD822 /* TableViewApplicationTests.xctest */,
			);
			name = Products;
			sourceTree = "<group>";
		};
		1479CB1A195E0A9200ACD822 /* Frameworks */ = {
			isa = PBXGroup;
			children = (
				1479CB1B195E0A9200ACD822 /* Foundation.framework */,
				1479CB1D195E0A9200ACD822 /* CoreGraphics.framework */,
				1479CB1F195E0A9200ACD822 /* UIKit.framework */,
				1479CB3A195E0A9200ACD822 /* XCTest.framework */,
			);
			name = Frameworks;
			sourceTree = "<group>";
		};
		1479CB21195E0A9200ACD822 /* TableViewApplication */ = {
			isa = PBXGroup;
			children = (
				1479CB50195E12E600ACD822 /* creme_brelee.jpg */,
				1479CB2A195E0A9200ACD822 /* AppDelegate.h */,
				1479CB2B195E0A9200ACD822 /* AppDelegate.m */,
				1479CB2D195E0A9200ACD822 /* Main.storyboard */,
				1479CB30195E0A9200ACD822 /* ViewController.h */,
				1479CB31195E0A9200ACD822 /* ViewController.m */,
				1479CB33195E0A9200ACD822 /* Images.xcassets */,
				1479CB22195E0A9200ACD822 /* Supporting Files */,
			);
			path = TableViewApplication;
			sourceTree = "<group>";
		};
		1479CB22195E0A9200ACD822 /* Supporting Files */ = {
			isa = PBXGroup;
			children = (
				1479CB23195E0A9200ACD822 /* TableViewApplication-Info.plist */,
				1479CB24195E0A9200ACD822 /* InfoPlist.strings */,
				1479CB27195E0A9200ACD822 /* main.m */,
				1479CB29195E0A9200ACD822 /* TableViewApplication-Prefix.pch */,
			);
			name = "Supporting Files";
			sourceTree = "<group>";
		};
		1479CB40195E0A9200ACD822 /* TableViewApplicationTests */ = {
			isa = PBXGroup;
			children = (
				1479CB46195E0A9200ACD822 /* TableViewApplicationTests.m */,
				1479CB41195E0A9200ACD822 /* Supporting Files */,
			);
			path = TableViewApplicationTests;
			sourceTree = "<group>";
		};
		1479CB41195E0A9200ACD822 /* Supporting Files */ = {
			isa = PBXGroup;
			children = (
				1479CB42195E0A9200ACD822 /* TableViewApplicationTests-Info.plist */,
				1479CB43195E0A9200ACD822 /* InfoPlist.strings */,
			);
			name = "Supporting Files";
			sourceTree = "<group>";
		};
/* End PBXGroup section */

/* Begin PBXNativeTarget section */
		1479CB17195E0A9200ACD822 /* TableViewApplication */ = {
			isa = PBXNativeTarget;
			buildConfigurationList = 1479CB4A195E0A9200ACD822 /* Build configuration list for PBXNativeTarget "TableViewApplication" */;
			buildPhases = (
				1479CB14195E0A9200ACD822 /* Sources */,
				1479CB15195E0A9200ACD822 /* Frameworks */,
				1479CB16195E0A9200ACD822 /* Resources */,
			);
			buildRules = (
			);
			dependencies = (
			);
			name = TableViewApplication;
			productName = TableViewApplication;
			productReference = 1479CB18195E0A9200ACD822 /* TableViewApplication.app */;
			productType = "com.apple.product-type.application";
		};
		1479CB38195E0A9200ACD822 /* TableViewApplicationTests */ = {
			isa = PBXNativeTarget;
			buildConfigurationList = 1479CB4D195E0A9200ACD822 /* Build configuration list for PBXNativeTarget "TableViewApplicationTests" */;
			buildPhases = (
				1479CB35195E0A9200ACD822 /* Sources */,
				1479CB36195E0A9200ACD822 /* Frameworks */,
				1479CB37195E0A9200ACD822 /* Resources */,
			);
			buildRules = (
			);
			dependencies = (
				1479CB3F195E0A9200ACD822 /* PBXTargetDependency */,
			);
			name = TableViewApplicationTests;
			productName = TableViewApplicationTests;
			productReference = 1479CB39195E0A9200ACD822 /* TableViewApplicationTests.xctest */;
			productType = "com.apple.product-type.bundle.unit-test";
		};
/* End PBXNativeTarget section */

/* Begin PBXProject section */
		1479CB10195E0A9200ACD822 /* Project object */ = {
			isa = PBXProject;
			attributes = {
				LastUpgradeCheck = 0510;
				ORGANIZATIONNAME = seanreed.test;
				TargetAttributes = {
					1479CB38195E0A9200ACD822 = {
						TestTargetID = 1479CB17195E0A9200ACD822;
					};
				};
			};
			buildConfigurationList = 1479CB13195E0A9200ACD822 /* Build configuration list for PBXProject "TableViewApplication" */;
			compatibilityVersion = "Xcode 3.2";
			developmentRegion = English;
			hasScannedForEncodings = 0;
			knownRegions = (
				en,
				Base,
			);
			mainGroup = 1479CB0F195E0A9200ACD822;
			productRefGroup = 1479CB19195E0A9200ACD822 /* Products */;
			projectDirPath = "";
			projectRoot = "";
			targets = (
				1479CB17195E0A9200ACD822 /* TableViewApplication */,
				1479CB38195E0A9200ACD822 /* TableViewApplicationTests */,
			);
		};
/* End PBXProject section */

/* Begin PBXResourcesBuildPhase section */
		1479CB16195E0A9200ACD822 /* Resources */ = {
			isa = PBXResourcesBuildPhase;
			buildActionMask = 2147483647;
			files = (
				1479CB34195E0A9200ACD822 /* Images.xcassets in Resources */,
				1479CB51195E12E600ACD822 /* creme_brelee.jpg in Resources */,
				1479CB26195E0A9200ACD822 /* InfoPlist.strings in Resources */,
				1479CB2F195E0A9200ACD822 /* Main.storyboard in Resources */,
			);
			runOnlyForDeploymentPostprocessing = 0;
		};
		1479CB37195E0A9200ACD822 /* Resources */ = {
			isa = PBXResourcesBuildPhase;
			buildActionMask = 2147483647;
			files = (
				1479CB45195E0A9200ACD822 /* InfoPlist.strings in Resources */,
			);
			runOnlyForDeploymentPostprocessing = 0;
		};
/* End PBXResourcesBuildPhase section */

/* Begin PBXSourcesBuildPhase section */
		1479CB14195E0A9200ACD822 /* Sources */ = {
			isa = PBXSourcesBuildPhase;
			buildActionMask = 2147483647;
			files = (
				1479CB32195E0A9200ACD822 /* ViewController.m in Sources */,
				1479CB2C195E0A9200ACD822 /* AppDelegate.m in Sources */,
				1479CB28195E0A9200ACD822 /* main.m in Sources */,
			);
			runOnlyForDeploymentPostprocessing = 0;
		};
		1479CB35195E0A9200ACD822 /* Sources */ = {
			isa = PBXSourcesBuildPhase;
			buildActionMask = 2147483647;
			files = (
				1479CB47195E0A9200ACD822 /* TableViewApplicationTests.m in Sources */,
			);
			runOnlyForDeploymentPostprocessing = 0;
		};
/* End PBXSourcesBuildPhase section */

/* Begin PBXTargetDependency section */
		1479CB3F195E0A9200ACD822 /* PBXTargetDependency */ = {
			isa = PBXTargetDependency;
			target = 1479CB17195E0A9200ACD822 /* TableViewApplication */;
			targetProxy = 1479CB3E195E0A9200ACD822 /* PBXContainerItemProxy */;
		};
/* End PBXTargetDependency section */

/* Begin PBXVariantGroup section */
		1479CB24195E0A9200ACD822 /* InfoPlist.strings */ = {
			isa = PBXVariantGroup;
			children = (
				1479CB25195E0A9200ACD822 /* en */,
			);
			name = InfoPlist.strings;
			sourceTree = "<group>";
		};
		1479CB2D195E0A9200ACD822 /* Main.storyboard */ = {
			isa = PBXVariantGroup;
			children = (
				1479CB2E195E0A9200ACD822 /* Base */,
			);
			name = Main.storyboard;
			sourceTree = "<group>";
		};
		1479CB43195E0A9200ACD822 /* InfoPlist.strings */ = {
			isa = PBXVariantGroup;
			children = (
				1479CB44195E0A9200ACD822 /* en */,
			);
			name = InfoPlist.strings;
			sourceTree = "<group>";
		};
/* End PBXVariantGroup section */

/* Begin XCBuildConfiguration section */
		1479CB48195E0A9200ACD822 /* Debug */ = {
			isa = XCBuildConfiguration;
			buildSettings = {
				ALWAYS_SEARCH_USER_PATHS = NO;
				CLANG_CXX_LANGUAGE_STANDARD = "gnu++0x";
				CLANG_CXX_LIBRARY = "libc++";
				CLANG_ENABLE_MODULES = YES;
				CLANG_ENABLE_OBJC_ARC = YES;
				CLANG_WARN_BOOL_CONVERSION = YES;
				CLANG_WARN_CONSTANT_CONVERSION = YES;
				CLANG_WARN_DIRECT_OBJC_ISA_USAGE = YES_ERROR;
				CLANG_WARN_EMPTY_BODY = YES;
				CLANG_WARN_ENUM_CONVERSION = YES;
				CLANG_WARN_INT_CONVERSION = YES;
				CLANG_WARN_OBJC_ROOT_CLASS = YES_ERROR;
				CLANG_WARN__DUPLICATE_METHOD_MATCH = YES;
				"CODE_SIGN_IDENTITY[sdk=iphoneos*]" = "iPhone Developer";
				COPY_PHASE_STRIP = NO;
				GCC_C_LANGUAGE_STANDARD = gnu99;
				GCC_DYNAMIC_NO_PIC = NO;
				GCC_OPTIMIZATION_LEVEL = 0;
				GCC_PREPROCESSOR_DEFINITIONS = (
					"DEBUG=1",
					"$(inherited)",
				);
				GCC_SYMBOLS_PRIVATE_EXTERN = NO;
				GCC_WARN_64_TO_32_BIT_CONVERSION = YES;
				GCC_WARN_ABOUT_RETURN_TYPE = YES_ERROR;
				GCC_WARN_UNDECLARED_SELECTOR = YES;
				GCC_WARN_UNINITIALIZED_AUTOS = YES_AGGRESSIVE;
				GCC_WARN_UNUSED_FUNCTION = YES;
				GCC_WARN_UNUSED_VARIABLE = YES;
				IPHONEOS_DEPLOYMENT_TARGET = 7.1;
				ONLY_ACTIVE_ARCH = YES;
				SDKROOT = iphoneos;
			};
			name = Debug;
		};
		1479CB49195E0A9200ACD822 /* Release */ = {
			isa = XCBuildConfiguration;
			buildSettings = {
				ALWAYS_SEARCH_USER_PATHS = NO;
				CLANG_CXX_LANGUAGE_STANDARD = "gnu++0x";
				CLANG_CXX_LIBRARY = "libc++";
				CLANG_ENABLE_MODULES = YES;
				CLANG_ENABLE_OBJC_ARC = YES;
				CLANG_WARN_BOOL_CONVERSION = YES;
				CLANG_WARN_CONSTANT_CONVERSION = YES;
				CLANG_WARN_DIRECT_OBJC_ISA_USAGE = YES_ERROR;
				CLANG_WARN_EMPTY_BODY = YES;
				CLANG_WARN_ENUM_CONVERSION = YES;
				CLANG_WARN_INT_CONVERSION = YES;
				CLANG_WARN_OBJC_ROOT_CLASS = YES_ERROR;
				CLANG_WARN__DUPLICATE_METHOD_MATCH = YES;
				"CODE_SIGN_IDENTITY[sdk=iphoneos*]" = "iPhone Developer";
				COPY_PHASE_STRIP = YES;
				ENABLE_NS_ASSERTIONS = NO;
				GCC_C_LANGUAGE_STANDARD = gnu99;
				GCC_WARN_64_TO_32_BIT_CONVERSION = YES;
				GCC_WARN_ABOUT_RETURN_TYPE = YES_ERROR;
				GCC_WARN_UNDECLARED_SELECTOR = YES;
				GCC_WARN_UNINITIALIZED_AUTOS = YES_AGGRESSIVE;
				GCC_WARN_UNUSED_FUNCTION = YES;
				GCC_WARN_UNUSED_VARIABLE = YES;
				IPHONEOS_DEPLOYMENT_TARGET = 7.1;
				SDKROOT = iphoneos;
				VALIDATE_PRODUCT = YES;
			};
			name = Release;
		};
		1479CB4B195E0A9200ACD822 /* Debug */ = {
			isa = XCBuildConfiguration;
			buildSettings = {
				ASSETCATALOG_COMPILER_APPICON_NAME = AppIcon;
				ASSETCATALOG_COMPILER_LAUNCHIMAGE_NAME = LaunchImage;
				GCC_PRECOMPILE_PREFIX_HEADER = YES;
				GCC_PREFIX_HEADER = "TableViewApplication/TableViewApplication-Prefix.pch";
				INFOPLIST_FILE = "TableViewApplication/TableViewApplication-Info.plist";
				PRODUCT_NAME = "$(TARGET_NAME)";
				WRAPPER_EXTENSION = app;
			};
			name = Debug;
		};
		1479CB4C195E0A9200ACD822 /* Release */ = {
			isa = XCBuildConfiguration;
			buildSettings = {
				ASSETCATALOG_COMPILER_APPICON_NAME = AppIcon;
				ASSETCATALOG_COMPILER_LAUNCHIMAGE_NAME = LaunchImage;
				GCC_PRECOMPILE_PREFIX_HEADER = YES;
				GCC_PREFIX_HEADER = "TableViewApplication/TableViewApplication-Prefix.pch";
				INFOPLIST_FILE = "TableViewApplication/TableViewApplication-Info.plist";
				PRODUCT_NAME = "$(TARGET_NAME)";
				WRAPPER_EXTENSION = app;
			};
			name = Release;
		};
		1479CB4E195E0A9200ACD822 /* Debug */ = {
			isa = XCBuildConfiguration;
			buildSettings = {
				BUNDLE_LOADER = "$(BUILT_PRODUCTS_DIR)/TableViewApplication.app/TableViewApplication";
				FRAMEWORK_SEARCH_PATHS = (
					"$(SDKROOT)/Developer/Library/Frameworks",
					"$(inherited)",
					"$(DEVELOPER_FRAMEWORKS_DIR)",
				);
				GCC_PRECOMPILE_PREFIX_HEADER = YES;
				GCC_PREFIX_HEADER = "TableViewApplication/TableViewApplication-Prefix.pch";
				GCC_PREPROCESSOR_DEFINITIONS = (
					"DEBUG=1",
					"$(inherited)",
				);
				INFOPLIST_FILE = "TableViewApplicationTests/TableViewApplicationTests-Info.plist";
				PRODUCT_NAME = "$(TARGET_NAME)";
				TEST_HOST = "$(BUNDLE_LOADER)";
				WRAPPER_EXTENSION = xctest;
			};
			name = Debug;
		};
		1479CB4F195E0A9200ACD822 /* Release */ = {
			isa = XCBuildConfiguration;
			buildSettings = {
				BUNDLE_LOADER = "$(BUILT_PRODUCTS_DIR)/TableViewApplication.app/TableViewApplication";
				FRAMEWORK_SEARCH_PATHS = (
					"$(SDKROOT)/Developer/Library/Frameworks",
					"$(inherited)",
					"$(DEVELOPER_FRAMEWORKS_DIR)",
				);
				GCC_PRECOMPILE_PREFIX_HEADER = YES;
				GCC_PREFIX_HEADER = "TableViewApplication/TableViewApplication-Prefix.pch";
				INFOPLIST_FILE = "TableViewApplicationTests/TableViewApplicationTests-Info.plist";
				PRODUCT_NAME = "$(TARGET_NAME)";
				TEST_HOST = "$(BUNDLE_LOADER)";
				WRAPPER_EXTENSION = xctest;
			};
			name = Release;
		};
/* End XCBuildConfiguration section */

/* Begin XCConfigurationList section */
		1479CB13195E0A9200ACD822 /* Build configuration list for PBXProject "TableViewApplication" */ = {
			isa = XCConfigurationList;
			buildConfigurations = (
				1479CB48195E0A9200ACD822 /* Debug */,
				1479CB49195E0A9200ACD822 /* Release */,
			);
			defaultConfigurationIsVisible = 0;
			defaultConfigurationName = Release;
		};
		1479CB4A195E0A9200ACD822 /* Build configuration list for PBXNativeTarget "TableViewApplication" */ = {
			isa = XCConfigurationList;
			buildConfigurations = (
				1479CB4B195E0A9200ACD822 /* Debug */,
				1479CB4C195E0A9200ACD822 /* Release */,
			);
			defaultConfigurationIsVisible = 0;
		};
		1479CB4D195E0A9200ACD822 /* Build configuration list for PBXNativeTarget "TableViewApplicationTests" */ = {
			isa = XCConfigurationList;
			buildConfigurations = (
				1479CB4E195E0A9200ACD822 /* Debug */,
				1479CB4F195E0A9200ACD822 /* Release */,
			);
			defaultConfigurationIsVisible = 0;
		};
/* End XCConfigurationList section */
	};
	rootObject = 1479CB10195E0A9200ACD822 /* Project object */;
}
